
Microsoft Visual Studio Solution File, Format Version 12.00
# Visual Studio Version 16
VisualStudioVersion = 16.0.29728.190
MinimumVisualStudioVersion = 10.0.40219.1
Project("{9A19103F-16F7-4668-BE54-9A1E7A4F7556}") = "GeneratedProjectName", "GeneratedProjectName\GeneratedProjectName._PROJ_SUFFIX_", "{A12FDDB4-E61C-455F-9164-07078AD574E7}"
EndProject
Project("{9A19103F-16F7-4668-BE54-9A1E7A4F7556}") = "grains", "grains\grains._PROJ_SUFFIX_", "{3C415809-1390-44B5-B63C-76441AF96BA6}"
EndProject
Project("{9A19103F-16F7-4668-BE54-9A1E7A4F7556}") = "grain-controllers", "grain-controllers\grain-controllers._PROJ_SUFFIX_", "{FCEFD171-404C-4029-A65F-006DDB80258F}"
EndProject
Project("{9A19103F-16F7-4668-BE54-9A1E7A4F7556}") = "grain-tests", "grain-tests\grain-tests._PROJ_SUFFIX_", "{19E31D66-6002-4383-8FA9-6B4E9F31C0FB}"
EndProject
Global
	GlobalSection(SolutionConfigurationPlatforms) = preSolution
		Debug|Any CPU = Debug|Any CPU
		Release|Any CPU = Release|Any CPU
	EndGlobalSection
	GlobalSection(ProjectConfigurationPlatforms) = postSolution
		{A12FDDB4-E61C-455F-9164-07078AD574E7}.Debug|Any CPU.ActiveCfg = Debug|Any CPU
		{A12FDDB4-E61C-455F-9164-07078AD574E7}.Debug|Any CPU.Build.0 = Debug|Any CPU
		{A12FDDB4-E61C-455F-9164-07078AD574E7}.Release|Any CPU.ActiveCfg = Release|Any CPU
		{A12FDDB4-E61C-455F-9164-07078AD574E7}.Release|Any CPU.Build.0 = Release|Any CPU
		{3C415809-1390-44B5-B63C-76441AF96BA6}.Debug|Any CPU.ActiveCfg = Debug|Any CPU
		{3C415809-1390-44B5-B63C-76441AF96BA6}.Debug|Any CPU.Build.0 = Debug|Any CPU
		{3C415809-1390-44B5-B63C-76441AF96BA6}.Release|Any CPU.ActiveCfg = Release|Any CPU
		{3C415809-1390-44B5-B63C-76441AF96BA6}.Release|Any CPU.Build.0 = Release|Any CPU
		{FCEFD171-404C-4029-A65F-006DDB80258F}.Debug|Any CPU.ActiveCfg = Debug|Any CPU
		{FCEFD171-404C-4029-A65F-006DDB80258F}.Debug|Any CPU.Build.0 = Debug|Any CPU
		{FCEFD171-404C-4029-A65F-006DDB80258F}.Release|Any CPU.ActiveCfg = Release|Any CPU
		{FCEFD171-404C-4029-A65F-006DDB80258F}.Release|Any CPU.Build.0 = Release|Any CPU
		{19E31D66-6002-4383-8FA9-6B4E9F31C0FB}.Debug|Any CPU.ActiveCfg = Debug|Any CPU
		{19E31D66-6002-4383-8FA9-6B4E9F31C0FB}.Debug|Any CPU.Build.0 = Debug|Any CPU
		{19E31D66-6002-4383-8FA9-6B4E9F31C0FB}.Release|Any CPU.ActiveCfg = Release|Any CPU
		{19E31D66-6002-4383-8FA9-6B4E9F31C0FB}.Release|Any CPU.Build.0 = Release|Any CPU
	EndGlobalSection
	GlobalSection(SolutionProperties) = preSolution
		HideSolutionNode = FALSE
	EndGlobalSection
	GlobalSection(ExtensibilityGlobals) = postSolution
		SolutionGuid = {699DD3C3-F0C9-415A-AAD1-E3DDED451699}
	EndGlobalSection
EndGlobal
